
Microsoft Visual Studio Solution File, Format Version 12.00
# Visual Studio Version 17
VisualStudioVersion = 17.10.34916.146
MinimumVisualStudioVersion = 10.0.40219.1
Project("{FAE04EC0-301F-11D3-BF4B-00C04F79EFBC}") = "DevOps", "DevOps.csproj", "{40CD01D3-EF38-47A5-A562-62D08A55E17B}"
EndProject
Global
	GlobalSection(SolutionConfigurationPlatforms) = preSolution
		Debug|Any CPU = Debug|Any CPU
		Release|Any CPU = Release|Any CPU
	EndGlobalSection
	GlobalSection(ProjectConfigurationPlatforms) = postSolution
		{40CD01D3-EF38-47A5-A562-62D08A55E17B}.Debug|Any CPU.ActiveCfg = Debug|Any CPU
		{40CD01D3-EF38-47A5-A562-62D08A55E17B}.Debug|Any CPU.Build.0 = Debug|Any CPU
		{40CD01D3-EF38-47A5-A562-62D08A55E17B}.Release|Any CPU.ActiveCfg = Release|Any CPU
		{40CD01D3-EF38-47A5-A562-62D08A55E17B}.Release|Any CPU.Build.0 = Release|Any CPU
	EndGlobalSection
	GlobalSection(SolutionProperties) = preSolution
		HideSolutionNode = FALSE
	EndGlobalSection
	GlobalSection(ExtensibilityGlobals) = postSolution
		SolutionGuid = {15EB3FE1-EA04-4579-B52B-90B532BD5AD3}
	EndGlobalSection
EndGlobal
